
Microsoft Visual Studio Solution File, Format Version 12.00
# Visual Studio Version 16
VisualStudioVersion = 16.0.30804.86
MinimumVisualStudioVersion = 10.0.40219.1
Project("{FAE04EC0-301F-11D3-BF4B-00C04F79EFBC}") = "Hahn.ApplicatonProcess.December2020.Data", "Hahn.ApplicatonProcess.December2020.Data\Hahn.ApplicatonProcess.December2020.Data.csproj", "{D0CA07C3-1FFE-49CD-9281-A5D4D49CC263}"
EndProject
Project("{FAE04EC0-301F-11D3-BF4B-00C04F79EFBC}") = "Hahn.ApplicatonProcess.December2020.Domain", "Hahn.ApplicatonProcess.December2020.Domain\Hahn.ApplicatonProcess.December2020.Domain.csproj", "{CC37A9EB-7A0B-4D79-B83D-74ACE8CC682A}"
EndProject
Project("{FAE04EC0-301F-11D3-BF4B-00C04F79EFBC}") = "Hahn.ApplicatonProcess.December2020.Web", "Hahn.ApplicatonProcess.December2020.Web\Hahn.ApplicatonProcess.December2020.Web.csproj", "{A8FEA281-D3B0-479D-A5A4-43D577EA2DDB}"
EndProject
Global
	GlobalSection(SolutionConfigurationPlatforms) = preSolution
		Debug|Any CPU = Debug|Any CPU
		Release|Any CPU = Release|Any CPU
	EndGlobalSection
	GlobalSection(ProjectConfigurationPlatforms) = postSolution
		{D0CA07C3-1FFE-49CD-9281-A5D4D49CC263}.Debug|Any CPU.ActiveCfg = Debug|Any CPU
		{D0CA07C3-1FFE-49CD-9281-A5D4D49CC263}.Debug|Any CPU.Build.0 = Debug|Any CPU
		{D0CA07C3-1FFE-49CD-9281-A5D4D49CC263}.Release|Any CPU.ActiveCfg = Release|Any CPU
		{D0CA07C3-1FFE-49CD-9281-A5D4D49CC263}.Release|Any CPU.Build.0 = Release|Any CPU
		{CC37A9EB-7A0B-4D79-B83D-74ACE8CC682A}.Debug|Any CPU.ActiveCfg = Debug|Any CPU
		{CC37A9EB-7A0B-4D79-B83D-74ACE8CC682A}.Debug|Any CPU.Build.0 = Debug|Any CPU
		{CC37A9EB-7A0B-4D79-B83D-74ACE8CC682A}.Release|Any CPU.ActiveCfg = Release|Any CPU
		{CC37A9EB-7A0B-4D79-B83D-74ACE8CC682A}.Release|Any CPU.Build.0 = Release|Any CPU
		{A8FEA281-D3B0-479D-A5A4-43D577EA2DDB}.Debug|Any CPU.ActiveCfg = Debug|Any CPU
		{A8FEA281-D3B0-479D-A5A4-43D577EA2DDB}.Debug|Any CPU.Build.0 = Debug|Any CPU
		{A8FEA281-D3B0-479D-A5A4-43D577EA2DDB}.Release|Any CPU.ActiveCfg = Release|Any CPU
		{A8FEA281-D3B0-479D-A5A4-43D577EA2DDB}.Release|Any CPU.Build.0 = Release|Any CPU
	EndGlobalSection
	GlobalSection(SolutionProperties) = preSolution
		HideSolutionNode = FALSE
	EndGlobalSection
	GlobalSection(ExtensibilityGlobals) = postSolution
		SolutionGuid = {8977504B-A4C5-42D8-9F31-AC93AB57035A}
	EndGlobalSection
EndGlobal
